
Microsoft Visual Studio Solution File, Format Version 12.00
# Visual Studio 15
VisualStudioVersion = 15.0.28010.2036
MinimumVisualStudioVersion = 10.0.40219.1
Project("{888888A0-9F3D-457C-B088-3A5042F75D52}") = "180929_sudoku", "180929_sudoku\180929_sudoku.pyproj", "{329B8741-0755-46D7-8A22-35BA6E2EB368}"
EndProject
Global
	GlobalSection(SolutionConfigurationPlatforms) = preSolution
		Debug|Any CPU = Debug|Any CPU
		Release|Any CPU = Release|Any CPU
	EndGlobalSection
	GlobalSection(ProjectConfigurationPlatforms) = postSolution
		{329B8741-0755-46D7-8A22-35BA6E2EB368}.Debug|Any CPU.ActiveCfg = Debug|Any CPU
		{329B8741-0755-46D7-8A22-35BA6E2EB368}.Release|Any CPU.ActiveCfg = Release|Any CPU
	EndGlobalSection
	GlobalSection(SolutionProperties) = preSolution
		HideSolutionNode = FALSE
	EndGlobalSection
	GlobalSection(ExtensibilityGlobals) = postSolution
		SolutionGuid = {40F1EB70-EE0C-422A-8268-D6877F0F76A5}
	EndGlobalSection
EndGlobal
